// !$*UTF8*$!
{
	archiveVersion = 1;
	classes = {
	};
	objectVersion = 56;
	objects = {

/* Begin PBXBuildFile section */
		9394C1ED2B65088D005D6D83 /* LibraryView.swift in Sources */ = {isa = PBXBuildFile; fileRef = 9394C1EC2B65088D005D6D83 /* LibraryView.swift */; };
		9394C1EF2B6508AE005D6D83 /* MyBooksView.swift in Sources */ = {isa = PBXBuildFile; fileRef = 9394C1EE2B6508AE005D6D83 /* MyBooksView.swift */; };
		9394C1F22B6508E0005D6D83 /* StatisticsView.swift in Sources */ = {isa = PBXBuildFile; fileRef = 9394C1F12B6508E0005D6D83 /* StatisticsView.swift */; };
		9394C1F42B6508F7005D6D83 /* ProfileView.swift in Sources */ = {isa = PBXBuildFile; fileRef = 9394C1F32B6508F7005D6D83 /* ProfileView.swift */; };
		9394C1F62B650C2F005D6D83 /* TabbedItems.swift in Sources */ = {isa = PBXBuildFile; fileRef = 9394C1F52B650C2F005D6D83 /* TabbedItems.swift */; };
		9394C1F82B650CA0005D6D83 /* MainTabbedView.swift in Sources */ = {isa = PBXBuildFile; fileRef = 9394C1F72B650CA0005D6D83 /* MainTabbedView.swift */; };
		93B81EA92B8487C6005AE5AD /* MyBooksViewModel.swift in Sources */ = {isa = PBXBuildFile; fileRef = 93B81EA82B8487C6005AE5AD /* MyBooksViewModel.swift */; };
		93B81EAB2B848BDC005AE5AD /* EmptyLibraryView.swift in Sources */ = {isa = PBXBuildFile; fileRef = 93B81EAA2B848BDC005AE5AD /* EmptyLibraryView.swift */; };
		93E688242B7E6B3E007CB34A /* BookListCell.swift in Sources */ = {isa = PBXBuildFile; fileRef = 93E688232B7E6B3E007CB34A /* BookListCell.swift */; };
		93E688262B7ED3AD007CB34A /* BookDetailsView.swift in Sources */ = {isa = PBXBuildFile; fileRef = 93E688252B7ED3AD007CB34A /* BookDetailsView.swift */; };
		93EED1912B80CAE3003F77B7 /* SearchBar.swift in Sources */ = {isa = PBXBuildFile; fileRef = 93EED1902B80CAE3003F77B7 /* SearchBar.swift */; };
		93EED1932B80D3BB003F77B7 /* LibraryViewModel.swift in Sources */ = {isa = PBXBuildFile; fileRef = 93EED1922B80D3BB003F77B7 /* LibraryViewModel.swift */; };
		93EED1962B80D811003F77B7 /* BookDetailsViewModel.swift in Sources */ = {isa = PBXBuildFile; fileRef = 93EED1952B80D811003F77B7 /* BookDetailsViewModel.swift */; };
		93EED1982B820E70003F77B7 /* MainTabbedViewModel.swift in Sources */ = {isa = PBXBuildFile; fileRef = 93EED1972B820E70003F77B7 /* MainTabbedViewModel.swift */; };
		D005812B2B83FB2E00F41748 /* CameraView.swift in Sources */ = {isa = PBXBuildFile; fileRef = D005812A2B83FB2E00F41748 /* CameraView.swift */; };
		D005812D2B83FB5A00F41748 /* DataScannerRepresentable.swift in Sources */ = {isa = PBXBuildFile; fileRef = D005812C2B83FB5A00F41748 /* DataScannerRepresentable.swift */; };
		A53037572B841E5700EBA2B4 /* ProfileInfoFieldViewModel.swift in Sources */ = {isa = PBXBuildFile; fileRef = A53037562B841E5700EBA2B4 /* ProfileInfoFieldViewModel.swift */; };
		A5F0E5692B82881D00D39D27 /* ProfileViewModel.swift in Sources */ = {isa = PBXBuildFile; fileRef = A5F0E5682B82881D00D39D27 /* ProfileViewModel.swift */; };
		A5F0E56B2B828A9A00D39D27 /* ProfileInfoFieldView.swift in Sources */ = {isa = PBXBuildFile; fileRef = A5F0E56A2B828A9A00D39D27 /* ProfileInfoFieldView.swift */; };
		D007C3EA2B835C5800AF4489 /* StatisticsViewModel.swift in Sources */ = {isa = PBXBuildFile; fileRef = D007C3E92B835C5800AF4489 /* StatisticsViewModel.swift */; };
		D007C3EC2B835C6B00AF4489 /* StatisticsButtonsViewModel.swift in Sources */ = {isa = PBXBuildFile; fileRef = D007C3EB2B835C6B00AF4489 /* StatisticsButtonsViewModel.swift */; };
		D007C3EE2B835C7A00AF4489 /* StatisticsPointChartViewModel.swift in Sources */ = {isa = PBXBuildFile; fileRef = D007C3ED2B835C7A00AF4489 /* StatisticsPointChartViewModel.swift */; };
		D007C3F02B835C8800AF4489 /* StatisticsBarChartViewModel.swift in Sources */ = {isa = PBXBuildFile; fileRef = D007C3EF2B835C8800AF4489 /* StatisticsBarChartViewModel.swift */; };
		D01889912B827261004DF83E /* StatisticsDateFormatter.swift in Sources */ = {isa = PBXBuildFile; fileRef = D01889902B827261004DF83E /* StatisticsDateFormatter.swift */; };
		D01889932B82727E004DF83E /* StatisticsPointChart.swift in Sources */ = {isa = PBXBuildFile; fileRef = D01889922B82727E004DF83E /* StatisticsPointChart.swift */; };
		D01889952B8272A8004DF83E /* StatisticsBarChart.swift in Sources */ = {isa = PBXBuildFile; fileRef = D01889942B8272A8004DF83E /* StatisticsBarChart.swift */; };
		D01889972B8272C1004DF83E /* StatisticsButtons.swift in Sources */ = {isa = PBXBuildFile; fileRef = D01889962B8272C1004DF83E /* StatisticsButtons.swift */; };
		D021706D2B60624A00B95F47 /* Assets.xcassets in Resources */ = {isa = PBXBuildFile; fileRef = D021706C2B60624A00B95F47 /* Assets.xcassets */; };
		D02170702B60624A00B95F47 /* Preview Assets.xcassets in Resources */ = {isa = PBXBuildFile; fileRef = D021706F2B60624A00B95F47 /* Preview Assets.xcassets */; };
		D0E970782B841A5900FDCBDE /* KeyboardConfiguration.swift in Sources */ = {isa = PBXBuildFile; fileRef = D0E970772B841A5900FDCBDE /* KeyboardConfiguration.swift */; };
		D0EED6562B62AEE900410E79 /* User.swift in Sources */ = {isa = PBXBuildFile; fileRef = D0EED6552B62AEE900410E79 /* User.swift */; };
		D0EED6582B62AEF500410E79 /* Book.swift in Sources */ = {isa = PBXBuildFile; fileRef = D0EED6572B62AEF500410E79 /* Book.swift */; };
		DA0994772B7279D3008FE0B3 /* SignUpView.swift in Sources */ = {isa = PBXBuildFile; fileRef = DA0994762B7279D3008FE0B3 /* SignUpView.swift */; };
		DA17C6C52B72817200FBAEF5 /* AppRootManager.swift in Sources */ = {isa = PBXBuildFile; fileRef = DA17C6C42B72817200FBAEF5 /* AppRootManager.swift */; };
		DA17C6C72B7281B600FBAEF5 /* SwiftUIChangeRootViewApp.swift in Sources */ = {isa = PBXBuildFile; fileRef = DA17C6C62B7281B600FBAEF5 /* SwiftUIChangeRootViewApp.swift */; };
		DA17C6CA2B7286AA00FBAEF5 /* SignUpViewModel.swift in Sources */ = {isa = PBXBuildFile; fileRef = DA17C6C92B7286AA00FBAEF5 /* SignUpViewModel.swift */; };
		DA17C6CD2B72D02700FBAEF5 /* EmailValidator.swift in Sources */ = {isa = PBXBuildFile; fileRef = DA17C6CC2B72D02700FBAEF5 /* EmailValidator.swift */; };
		DA17C6CF2B72D04100FBAEF5 /* EmptyValidator.swift in Sources */ = {isa = PBXBuildFile; fileRef = DA17C6CE2B72D04100FBAEF5 /* EmptyValidator.swift */; };
		DA17C6D12B72D06500FBAEF5 /* NameValidator.swift in Sources */ = {isa = PBXBuildFile; fileRef = DA17C6D02B72D06500FBAEF5 /* NameValidator.swift */; };
		DA17C6D32B72D08400FBAEF5 /* PasswordValidator.swift in Sources */ = {isa = PBXBuildFile; fileRef = DA17C6D22B72D08400FBAEF5 /* PasswordValidator.swift */; };
		DA17C6D52B72D1F000FBAEF5 /* UserDataError.swift in Sources */ = {isa = PBXBuildFile; fileRef = DA17C6D42B72D1F000FBAEF5 /* UserDataError.swift */; };
		DA17C6D72B72D27B00FBAEF5 /* ConfirmPasswordValidator.swift in Sources */ = {isa = PBXBuildFile; fileRef = DA17C6D62B72D27B00FBAEF5 /* ConfirmPasswordValidator.swift */; };
		DA17C6D92B72D43D00FBAEF5 /* Validator.swift in Sources */ = {isa = PBXBuildFile; fileRef = DA17C6D82B72D43D00FBAEF5 /* Validator.swift */; };
		DA17C6DB2B72DAB700FBAEF5 /* PhoneNumberValidator.swift in Sources */ = {isa = PBXBuildFile; fileRef = DA17C6DA2B72DAB700FBAEF5 /* PhoneNumberValidator.swift */; };
		DA17C6DD2B737FE700FBAEF5 /* UserRepository.swift in Sources */ = {isa = PBXBuildFile; fileRef = DA17C6DC2B737FE700FBAEF5 /* UserRepository.swift */; };
		DA25BFC92B78ADE900B6F03C /* AuthenticationRepositoryMock.swift in Sources */ = {isa = PBXBuildFile; fileRef = DA25BFC82B78ADE900B6F03C /* AuthenticationRepositoryMock.swift */; };
		DA25BFCB2B78C81100B6F03C /* UserRepositoryMock.swift in Sources */ = {isa = PBXBuildFile; fileRef = DA25BFCA2B78C81100B6F03C /* UserRepositoryMock.swift */; };
		DA25BFCD2B78D92200B6F03C /* BooksRepositoryMock.swift in Sources */ = {isa = PBXBuildFile; fileRef = DA25BFCC2B78D92200B6F03C /* BooksRepositoryMock.swift */; };
		DA25BFD72B7ACF3D00B6F03C /* BooksMockData.swift in Sources */ = {isa = PBXBuildFile; fileRef = DA25BFD62B7ACF3D00B6F03C /* BooksMockData.swift */; };
		DA25C0082B83330800B6F03C /* BookCoversRepository.swift in Sources */ = {isa = PBXBuildFile; fileRef = DA25C0072B83330800B6F03C /* BookCoversRepository.swift */; };
		DA25C00D2B83333A00B6F03C /* Sequence+Extension.swift in Sources */ = {isa = PBXBuildFile; fileRef = DA25C00C2B83333A00B6F03C /* Sequence+Extension.swift */; };
		DA25C0112B83352C00B6F03C /* FirebaseStorage in Frameworks */ = {isa = PBXBuildFile; productRef = DA25C0102B83352C00B6F03C /* FirebaseStorage */; };
		DAE5DF422B6EE0E100A09560 /* LoginView.swift in Sources */ = {isa = PBXBuildFile; fileRef = DAE5DF412B6EE0E100A09560 /* LoginView.swift */; };
		DAE5DF442B6EE15800A09560 /* TextInputView.swift in Sources */ = {isa = PBXBuildFile; fileRef = DAE5DF432B6EE15800A09560 /* TextInputView.swift */; };
		DAE5DF462B6F923200A09560 /* LoginViewModel.swift in Sources */ = {isa = PBXBuildFile; fileRef = DAE5DF452B6F923200A09560 /* LoginViewModel.swift */; };
		DAE5DF492B6FAF4B00A09560 /* RootView.swift in Sources */ = {isa = PBXBuildFile; fileRef = DAE5DF482B6FAF4B00A09560 /* RootView.swift */; };
		DAF765A22B66E73100BA04EF /* AuthenticationRepository.swift in Sources */ = {isa = PBXBuildFile; fileRef = DAF765A12B66E73100BA04EF /* AuthenticationRepository.swift */; };
		DAF765A42B66E74200BA04EF /* Encodable+Extension.swift in Sources */ = {isa = PBXBuildFile; fileRef = DAF765A32B66E74200BA04EF /* Encodable+Extension.swift */; };
		DAF765A62B66E76500BA04EF /* BookRepository.swift in Sources */ = {isa = PBXBuildFile; fileRef = DAF765A52B66E76500BA04EF /* BookRepository.swift */; };
		DAF765A82B66E7B800BA04EF /* GoogleService-Info.plist in Resources */ = {isa = PBXBuildFile; fileRef = DAF765A72B66E7B800BA04EF /* GoogleService-Info.plist */; };
		DAF765AB2B66E80900BA04EF /* FirebaseAuth in Frameworks */ = {isa = PBXBuildFile; productRef = DAF765AA2B66E80900BA04EF /* FirebaseAuth */; };
		DAF765AD2B66E80900BA04EF /* FirebaseDatabase in Frameworks */ = {isa = PBXBuildFile; productRef = DAF765AC2B66E80900BA04EF /* FirebaseDatabase */; };
		DAF765AF2B66F6E700BA04EF /* FirebaseConfiguration.swift in Sources */ = {isa = PBXBuildFile; fileRef = DAF765AE2B66F6E700BA04EF /* FirebaseConfiguration.swift */; };
/* End PBXBuildFile section */

/* Begin PBXFileReference section */
		9394C1EC2B65088D005D6D83 /* LibraryView.swift */ = {isa = PBXFileReference; lastKnownFileType = sourcecode.swift; path = LibraryView.swift; sourceTree = "<group>"; };
		9394C1EE2B6508AE005D6D83 /* MyBooksView.swift */ = {isa = PBXFileReference; lastKnownFileType = sourcecode.swift; path = MyBooksView.swift; sourceTree = "<group>"; };
		9394C1F12B6508E0005D6D83 /* StatisticsView.swift */ = {isa = PBXFileReference; lastKnownFileType = sourcecode.swift; path = StatisticsView.swift; sourceTree = "<group>"; };
		9394C1F32B6508F7005D6D83 /* ProfileView.swift */ = {isa = PBXFileReference; lastKnownFileType = sourcecode.swift; path = ProfileView.swift; sourceTree = "<group>"; };
		9394C1F52B650C2F005D6D83 /* TabbedItems.swift */ = {isa = PBXFileReference; lastKnownFileType = sourcecode.swift; path = TabbedItems.swift; sourceTree = "<group>"; };
		9394C1F72B650CA0005D6D83 /* MainTabbedView.swift */ = {isa = PBXFileReference; lastKnownFileType = sourcecode.swift; path = MainTabbedView.swift; sourceTree = "<group>"; };
		93B81EA82B8487C6005AE5AD /* MyBooksViewModel.swift */ = {isa = PBXFileReference; fileEncoding = 4; lastKnownFileType = sourcecode.swift; path = MyBooksViewModel.swift; sourceTree = "<group>"; };
		93B81EAA2B848BDC005AE5AD /* EmptyLibraryView.swift */ = {isa = PBXFileReference; lastKnownFileType = sourcecode.swift; path = EmptyLibraryView.swift; sourceTree = "<group>"; };
		93E688232B7E6B3E007CB34A /* BookListCell.swift */ = {isa = PBXFileReference; lastKnownFileType = sourcecode.swift; path = BookListCell.swift; sourceTree = "<group>"; };
		93E688252B7ED3AD007CB34A /* BookDetailsView.swift */ = {isa = PBXFileReference; lastKnownFileType = sourcecode.swift; path = BookDetailsView.swift; sourceTree = "<group>"; };
		93EED1902B80CAE3003F77B7 /* SearchBar.swift */ = {isa = PBXFileReference; lastKnownFileType = sourcecode.swift; path = SearchBar.swift; sourceTree = "<group>"; };
		93EED1922B80D3BB003F77B7 /* LibraryViewModel.swift */ = {isa = PBXFileReference; lastKnownFileType = sourcecode.swift; path = LibraryViewModel.swift; sourceTree = "<group>"; };
		93EED1952B80D811003F77B7 /* BookDetailsViewModel.swift */ = {isa = PBXFileReference; lastKnownFileType = sourcecode.swift; path = BookDetailsViewModel.swift; sourceTree = "<group>"; };
		93EED1972B820E70003F77B7 /* MainTabbedViewModel.swift */ = {isa = PBXFileReference; lastKnownFileType = sourcecode.swift; path = MainTabbedViewModel.swift; sourceTree = "<group>"; };
		D005812A2B83FB2E00F41748 /* CameraView.swift */ = {isa = PBXFileReference; lastKnownFileType = sourcecode.swift; path = CameraView.swift; sourceTree = "<group>"; };
		D005812C2B83FB5A00F41748 /* DataScannerRepresentable.swift */ = {isa = PBXFileReference; lastKnownFileType = sourcecode.swift; path = DataScannerRepresentable.swift; sourceTree = "<group>"; };
		A53037562B841E5700EBA2B4 /* ProfileInfoFieldViewModel.swift */ = {isa = PBXFileReference; lastKnownFileType = sourcecode.swift; path = ProfileInfoFieldViewModel.swift; sourceTree = "<group>"; };
		A5F0E5682B82881D00D39D27 /* ProfileViewModel.swift */ = {isa = PBXFileReference; lastKnownFileType = sourcecode.swift; path = ProfileViewModel.swift; sourceTree = "<group>"; };
		A5F0E56A2B828A9A00D39D27 /* ProfileInfoFieldView.swift */ = {isa = PBXFileReference; lastKnownFileType = sourcecode.swift; path = ProfileInfoFieldView.swift; sourceTree = "<group>"; };
		D007C3E92B835C5800AF4489 /* StatisticsViewModel.swift */ = {isa = PBXFileReference; lastKnownFileType = sourcecode.swift; path = StatisticsViewModel.swift; sourceTree = "<group>"; };
		D007C3EB2B835C6B00AF4489 /* StatisticsButtonsViewModel.swift */ = {isa = PBXFileReference; lastKnownFileType = sourcecode.swift; path = StatisticsButtonsViewModel.swift; sourceTree = "<group>"; };
		D007C3ED2B835C7A00AF4489 /* StatisticsPointChartViewModel.swift */ = {isa = PBXFileReference; lastKnownFileType = sourcecode.swift; path = StatisticsPointChartViewModel.swift; sourceTree = "<group>"; };
		D007C3EF2B835C8800AF4489 /* StatisticsBarChartViewModel.swift */ = {isa = PBXFileReference; lastKnownFileType = sourcecode.swift; path = StatisticsBarChartViewModel.swift; sourceTree = "<group>"; };
		D01889902B827261004DF83E /* StatisticsDateFormatter.swift */ = {isa = PBXFileReference; lastKnownFileType = sourcecode.swift; path = StatisticsDateFormatter.swift; sourceTree = "<group>"; };
		D01889922B82727E004DF83E /* StatisticsPointChart.swift */ = {isa = PBXFileReference; lastKnownFileType = sourcecode.swift; path = StatisticsPointChart.swift; sourceTree = "<group>"; };
		D01889942B8272A8004DF83E /* StatisticsBarChart.swift */ = {isa = PBXFileReference; lastKnownFileType = sourcecode.swift; path = StatisticsBarChart.swift; sourceTree = "<group>"; };
		D01889962B8272C1004DF83E /* StatisticsButtons.swift */ = {isa = PBXFileReference; lastKnownFileType = sourcecode.swift; path = StatisticsButtons.swift; sourceTree = "<group>"; };
		D02170652B60624800B95F47 /* DigitalLibrary.app */ = {isa = PBXFileReference; explicitFileType = wrapper.application; includeInIndex = 0; path = DigitalLibrary.app; sourceTree = BUILT_PRODUCTS_DIR; };
		D021706C2B60624A00B95F47 /* Assets.xcassets */ = {isa = PBXFileReference; lastKnownFileType = folder.assetcatalog; path = Assets.xcassets; sourceTree = "<group>"; };
		D021706F2B60624A00B95F47 /* Preview Assets.xcassets */ = {isa = PBXFileReference; lastKnownFileType = folder.assetcatalog; path = "Preview Assets.xcassets"; sourceTree = "<group>"; };
		D0E970772B841A5900FDCBDE /* KeyboardConfiguration.swift */ = {isa = PBXFileReference; lastKnownFileType = sourcecode.swift; path = KeyboardConfiguration.swift; sourceTree = "<group>"; };
		D0EED6552B62AEE900410E79 /* User.swift */ = {isa = PBXFileReference; lastKnownFileType = sourcecode.swift; path = User.swift; sourceTree = "<group>"; };
		D0EED6572B62AEF500410E79 /* Book.swift */ = {isa = PBXFileReference; lastKnownFileType = sourcecode.swift; path = Book.swift; sourceTree = "<group>"; };
		DA0994762B7279D3008FE0B3 /* SignUpView.swift */ = {isa = PBXFileReference; lastKnownFileType = sourcecode.swift; path = SignUpView.swift; sourceTree = "<group>"; };
		DA17C6C42B72817200FBAEF5 /* AppRootManager.swift */ = {isa = PBXFileReference; lastKnownFileType = sourcecode.swift; path = AppRootManager.swift; sourceTree = "<group>"; };
		DA17C6C62B7281B600FBAEF5 /* SwiftUIChangeRootViewApp.swift */ = {isa = PBXFileReference; lastKnownFileType = sourcecode.swift; path = SwiftUIChangeRootViewApp.swift; sourceTree = "<group>"; };
		DA17C6C92B7286AA00FBAEF5 /* SignUpViewModel.swift */ = {isa = PBXFileReference; lastKnownFileType = sourcecode.swift; path = SignUpViewModel.swift; sourceTree = "<group>"; };
		DA17C6CC2B72D02700FBAEF5 /* EmailValidator.swift */ = {isa = PBXFileReference; lastKnownFileType = sourcecode.swift; path = EmailValidator.swift; sourceTree = "<group>"; };
		DA17C6CE2B72D04100FBAEF5 /* EmptyValidator.swift */ = {isa = PBXFileReference; lastKnownFileType = sourcecode.swift; path = EmptyValidator.swift; sourceTree = "<group>"; };
		DA17C6D02B72D06500FBAEF5 /* NameValidator.swift */ = {isa = PBXFileReference; lastKnownFileType = sourcecode.swift; path = NameValidator.swift; sourceTree = "<group>"; };
		DA17C6D22B72D08400FBAEF5 /* PasswordValidator.swift */ = {isa = PBXFileReference; lastKnownFileType = sourcecode.swift; path = PasswordValidator.swift; sourceTree = "<group>"; };
		DA17C6D42B72D1F000FBAEF5 /* UserDataError.swift */ = {isa = PBXFileReference; lastKnownFileType = sourcecode.swift; path = UserDataError.swift; sourceTree = "<group>"; };
		DA17C6D62B72D27B00FBAEF5 /* ConfirmPasswordValidator.swift */ = {isa = PBXFileReference; lastKnownFileType = sourcecode.swift; path = ConfirmPasswordValidator.swift; sourceTree = "<group>"; };
		DA17C6D82B72D43D00FBAEF5 /* Validator.swift */ = {isa = PBXFileReference; lastKnownFileType = sourcecode.swift; path = Validator.swift; sourceTree = "<group>"; };
		DA17C6DA2B72DAB700FBAEF5 /* PhoneNumberValidator.swift */ = {isa = PBXFileReference; lastKnownFileType = sourcecode.swift; path = PhoneNumberValidator.swift; sourceTree = "<group>"; };
		DA17C6DC2B737FE700FBAEF5 /* UserRepository.swift */ = {isa = PBXFileReference; lastKnownFileType = sourcecode.swift; path = UserRepository.swift; sourceTree = "<group>"; };
		DA25BFC82B78ADE900B6F03C /* AuthenticationRepositoryMock.swift */ = {isa = PBXFileReference; lastKnownFileType = sourcecode.swift; path = AuthenticationRepositoryMock.swift; sourceTree = "<group>"; };
		DA25BFCA2B78C81100B6F03C /* UserRepositoryMock.swift */ = {isa = PBXFileReference; lastKnownFileType = sourcecode.swift; path = UserRepositoryMock.swift; sourceTree = "<group>"; };
		DA25BFCC2B78D92200B6F03C /* BooksRepositoryMock.swift */ = {isa = PBXFileReference; lastKnownFileType = sourcecode.swift; path = BooksRepositoryMock.swift; sourceTree = "<group>"; };
		DA25BFD62B7ACF3D00B6F03C /* BooksMockData.swift */ = {isa = PBXFileReference; lastKnownFileType = sourcecode.swift; path = BooksMockData.swift; sourceTree = "<group>"; };
		DA25C0072B83330800B6F03C /* BookCoversRepository.swift */ = {isa = PBXFileReference; lastKnownFileType = sourcecode.swift; path = BookCoversRepository.swift; sourceTree = "<group>"; };
		DA25C00C2B83333A00B6F03C /* Sequence+Extension.swift */ = {isa = PBXFileReference; lastKnownFileType = sourcecode.swift; path = "Sequence+Extension.swift"; sourceTree = "<group>"; };
		DAE5DF412B6EE0E100A09560 /* LoginView.swift */ = {isa = PBXFileReference; lastKnownFileType = sourcecode.swift; path = LoginView.swift; sourceTree = "<group>"; };
		DAE5DF432B6EE15800A09560 /* TextInputView.swift */ = {isa = PBXFileReference; lastKnownFileType = sourcecode.swift; path = TextInputView.swift; sourceTree = "<group>"; };
		DAE5DF452B6F923200A09560 /* LoginViewModel.swift */ = {isa = PBXFileReference; lastKnownFileType = sourcecode.swift; path = LoginViewModel.swift; sourceTree = "<group>"; };
		DAE5DF482B6FAF4B00A09560 /* RootView.swift */ = {isa = PBXFileReference; lastKnownFileType = sourcecode.swift; path = RootView.swift; sourceTree = "<group>"; };
		DAF765A12B66E73100BA04EF /* AuthenticationRepository.swift */ = {isa = PBXFileReference; lastKnownFileType = sourcecode.swift; path = AuthenticationRepository.swift; sourceTree = "<group>"; };
		DAF765A32B66E74200BA04EF /* Encodable+Extension.swift */ = {isa = PBXFileReference; lastKnownFileType = sourcecode.swift; path = "Encodable+Extension.swift"; sourceTree = "<group>"; };
		DAF765A52B66E76500BA04EF /* BookRepository.swift */ = {isa = PBXFileReference; lastKnownFileType = sourcecode.swift; path = BookRepository.swift; sourceTree = "<group>"; };
		DAF765A72B66E7B800BA04EF /* GoogleService-Info.plist */ = {isa = PBXFileReference; fileEncoding = 4; lastKnownFileType = text.plist.xml; path = "GoogleService-Info.plist"; sourceTree = "<group>"; };
		DAF765AE2B66F6E700BA04EF /* FirebaseConfiguration.swift */ = {isa = PBXFileReference; lastKnownFileType = sourcecode.swift; path = FirebaseConfiguration.swift; sourceTree = "<group>"; };
/* End PBXFileReference section */

/* Begin PBXFrameworksBuildPhase section */
		D02170622B60624800B95F47 /* Frameworks */ = {
			isa = PBXFrameworksBuildPhase;
			buildActionMask = 2147483647;
			files = (
				DAF765AD2B66E80900BA04EF /* FirebaseDatabase in Frameworks */,
				DA25C0112B83352C00B6F03C /* FirebaseStorage in Frameworks */,
				DAF765AB2B66E80900BA04EF /* FirebaseAuth in Frameworks */,
			);
			runOnlyForDeploymentPostprocessing = 0;
		};
/* End PBXFrameworksBuildPhase section */

/* Begin PBXGroup section */
		9394C1E62B650752005D6D83 /* CustomTabbar */ = {
			isa = PBXGroup;
			children = (
				9394C1F52B650C2F005D6D83 /* TabbedItems.swift */,
				9394C1F72B650CA0005D6D83 /* MainTabbedView.swift */,
				93EED1972B820E70003F77B7 /* MainTabbedViewModel.swift */,
			);
			path = CustomTabbar;
			sourceTree = "<group>";
		};
		9394C1E72B6507FF005D6D83 /* MainScreens */ = {
			isa = PBXGroup;
			children = (
				D00581292B83FB0400F41748 /* BarcodeScanner */,
				DA0994752B7279BF008FE0B3 /* SignUpScreen */,
				DAE5DF472B6FAF3A00A09560 /* RootScreen */,
				DAE5DF402B6EE0BE00A09560 /* LoginScreen */,
				9394C1E82B650814005D6D83 /* LibraryScreen */,
				93EED1942B80D7E1003F77B7 /* BookDetailsScreen */,
				9394C1E92B650826005D6D83 /* MyBooksScreen */,
				9394C1EA2B65082F005D6D83 /* StatisticsScreen */,
				9394C1EB2B65083B005D6D83 /* ProfileScreen */,
			);
			path = MainScreens;
			sourceTree = "<group>";
		};
		9394C1E82B650814005D6D83 /* LibraryScreen */ = {
			isa = PBXGroup;
			children = (
				9394C1EC2B65088D005D6D83 /* LibraryView.swift */,
				93EED1922B80D3BB003F77B7 /* LibraryViewModel.swift */,
				93E688232B7E6B3E007CB34A /* BookListCell.swift */,
			);
			path = LibraryScreen;
			sourceTree = "<group>";
		};
		9394C1E92B650826005D6D83 /* MyBooksScreen */ = {
			isa = PBXGroup;
			children = (
				9394C1EE2B6508AE005D6D83 /* MyBooksView.swift */,
				93B81EA82B8487C6005AE5AD /* MyBooksViewModel.swift */,
				93B81EAA2B848BDC005AE5AD /* EmptyLibraryView.swift */,
			);
			path = MyBooksScreen;
			sourceTree = "<group>";
		};
		9394C1EA2B65082F005D6D83 /* StatisticsScreen */ = {
			isa = PBXGroup;
			children = (
				9394C1F12B6508E0005D6D83 /* StatisticsView.swift */,
				D007C3E92B835C5800AF4489 /* StatisticsViewModel.swift */,
				D01889962B8272C1004DF83E /* StatisticsButtons.swift */,
				D007C3EB2B835C6B00AF4489 /* StatisticsButtonsViewModel.swift */,
				D01889922B82727E004DF83E /* StatisticsPointChart.swift */,
				D007C3ED2B835C7A00AF4489 /* StatisticsPointChartViewModel.swift */,
				D01889942B8272A8004DF83E /* StatisticsBarChart.swift */,
				D007C3EF2B835C8800AF4489 /* StatisticsBarChartViewModel.swift */,
			);
			path = StatisticsScreen;
			sourceTree = "<group>";
		};
		9394C1EB2B65083B005D6D83 /* ProfileScreen */ = {
			isa = PBXGroup;
			children = (
				9394C1F32B6508F7005D6D83 /* ProfileView.swift */,
				A5F0E5682B82881D00D39D27 /* ProfileViewModel.swift */,
				A5F0E56A2B828A9A00D39D27 /* ProfileInfoFieldView.swift */,
				A53037562B841E5700EBA2B4 /* ProfileInfoFieldViewModel.swift */,
			);
			path = ProfileScreen;
			sourceTree = "<group>";
		};
		93EED18F2B80CAD5003F77B7 /* Utils */ = {
			isa = PBXGroup;
			children = (
				93EED1902B80CAE3003F77B7 /* SearchBar.swift */,
				D01889902B827261004DF83E /* StatisticsDateFormatter.swift */,
				D0E970772B841A5900FDCBDE /* KeyboardConfiguration.swift */,
			);
			path = Utils;
			sourceTree = "<group>";
		};
		93EED1942B80D7E1003F77B7 /* BookDetailsScreen */ = {
			isa = PBXGroup;
			children = (
				93E688252B7ED3AD007CB34A /* BookDetailsView.swift */,
				93EED1952B80D811003F77B7 /* BookDetailsViewModel.swift */,
			);
			path = BookDetailsScreen;
			sourceTree = "<group>";
		};
		D00581292B83FB0400F41748 /* BarcodeScanner */ = {
			isa = PBXGroup;
			children = (
				D005812A2B83FB2E00F41748 /* CameraView.swift */,
				D005812C2B83FB5A00F41748 /* DataScannerRepresentable.swift */,
			);
			path = BarcodeScanner;
			sourceTree = "<group>";
		};
		D021705C2B60624800B95F47 = {
			isa = PBXGroup;
			children = (
				DAF765A72B66E7B800BA04EF /* GoogleService-Info.plist */,
				D02170672B60624800B95F47 /* DigitalLibrary */,
				D02170662B60624800B95F47 /* Products */,
				DA25C0092B83332400B6F03C /* Frameworks */,
			);
			sourceTree = "<group>";
		};
		D02170662B60624800B95F47 /* Products */ = {
			isa = PBXGroup;
			children = (
				D02170652B60624800B95F47 /* DigitalLibrary.app */,
			);
			name = Products;
			sourceTree = "<group>";
		};
		D02170672B60624800B95F47 /* DigitalLibrary */ = {
			isa = PBXGroup;
			children = (
				93EED18F2B80CAD5003F77B7 /* Utils */,
				DA25BFD52B7ACF2E00B6F03C /* MockData */,
				DA25BFC72B78AA9200B6F03C /* Mocks */,
				DA17C6CB2B72D00F00FBAEF5 /* Validators */,
				DA17C6C82B72864A00FBAEF5 /* Components */,
				DA17C6C32B72816000FBAEF5 /* Navigation */,
				DAF765A02B66E70F00BA04EF /* Network */,
				9394C1E72B6507FF005D6D83 /* MainScreens */,
				9394C1E62B650752005D6D83 /* CustomTabbar */,
				D0EED6502B62AE3E00410E79 /* Models */,
				D021706C2B60624A00B95F47 /* Assets.xcassets */,
				D021706E2B60624A00B95F47 /* Preview Content */,
			);
			path = DigitalLibrary;
			sourceTree = "<group>";
		};
		D021706E2B60624A00B95F47 /* Preview Content */ = {
			isa = PBXGroup;
			children = (
				D021706F2B60624A00B95F47 /* Preview Assets.xcassets */,
			);
			path = "Preview Content";
			sourceTree = "<group>";
		};
		D0EED6502B62AE3E00410E79 /* Models */ = {
			isa = PBXGroup;
			children = (
				D0EED6552B62AEE900410E79 /* User.swift */,
				D0EED6572B62AEF500410E79 /* Book.swift */,
			);
			path = Models;
			sourceTree = "<group>";
		};
		DA0994752B7279BF008FE0B3 /* SignUpScreen */ = {
			isa = PBXGroup;
			children = (
				DA0994762B7279D3008FE0B3 /* SignUpView.swift */,
				DA17C6C92B7286AA00FBAEF5 /* SignUpViewModel.swift */,
			);
			path = SignUpScreen;
			sourceTree = "<group>";
		};
		DA17C6C32B72816000FBAEF5 /* Navigation */ = {
			isa = PBXGroup;
			children = (
				DA17C6C42B72817200FBAEF5 /* AppRootManager.swift */,
				DA17C6C62B7281B600FBAEF5 /* SwiftUIChangeRootViewApp.swift */,
			);
			path = Navigation;
			sourceTree = "<group>";
		};
		DA17C6C82B72864A00FBAEF5 /* Components */ = {
			isa = PBXGroup;
			children = (
				DAE5DF432B6EE15800A09560 /* TextInputView.swift */,
			);
			path = Components;
			sourceTree = "<group>";
		};
		DA17C6CB2B72D00F00FBAEF5 /* Validators */ = {
			isa = PBXGroup;
			children = (
				DA17C6CC2B72D02700FBAEF5 /* EmailValidator.swift */,
				DA17C6CE2B72D04100FBAEF5 /* EmptyValidator.swift */,
				DA17C6D02B72D06500FBAEF5 /* NameValidator.swift */,
				DA17C6D22B72D08400FBAEF5 /* PasswordValidator.swift */,
				DA17C6D42B72D1F000FBAEF5 /* UserDataError.swift */,
				DA17C6D62B72D27B00FBAEF5 /* ConfirmPasswordValidator.swift */,
				DA17C6D82B72D43D00FBAEF5 /* Validator.swift */,
				DA17C6DA2B72DAB700FBAEF5 /* PhoneNumberValidator.swift */,
			);
			path = Validators;
			sourceTree = "<group>";
		};
		DA25BFC72B78AA9200B6F03C /* Mocks */ = {
			isa = PBXGroup;
			children = (
				DA25BFC82B78ADE900B6F03C /* AuthenticationRepositoryMock.swift */,
				DA25BFCA2B78C81100B6F03C /* UserRepositoryMock.swift */,
				DA25BFCC2B78D92200B6F03C /* BooksRepositoryMock.swift */,
			);
			path = Mocks;
			sourceTree = "<group>";
		};
		DA25BFD52B7ACF2E00B6F03C /* MockData */ = {
			isa = PBXGroup;
			children = (
				DA25BFD62B7ACF3D00B6F03C /* BooksMockData.swift */,
			);
			path = MockData;
			sourceTree = "<group>";
		};
		DA25C0092B83332400B6F03C /* Frameworks */ = {
			isa = PBXGroup;
			children = (
			);
			name = Frameworks;
			sourceTree = "<group>";
		};
		DAE5DF402B6EE0BE00A09560 /* LoginScreen */ = {
			isa = PBXGroup;
			children = (
				DAE5DF412B6EE0E100A09560 /* LoginView.swift */,
				DAE5DF452B6F923200A09560 /* LoginViewModel.swift */,
			);
			path = LoginScreen;
			sourceTree = "<group>";
		};
		DAE5DF472B6FAF3A00A09560 /* RootScreen */ = {
			isa = PBXGroup;
			children = (
				DAE5DF482B6FAF4B00A09560 /* RootView.swift */,
			);
			path = RootScreen;
			sourceTree = "<group>";
		};
		DAF765A02B66E70F00BA04EF /* Network */ = {
			isa = PBXGroup;
			children = (
				DAF765A32B66E74200BA04EF /* Encodable+Extension.swift */,
				DAF765A12B66E73100BA04EF /* AuthenticationRepository.swift */,
				DAF765A52B66E76500BA04EF /* BookRepository.swift */,
				DAF765AE2B66F6E700BA04EF /* FirebaseConfiguration.swift */,
				DA17C6DC2B737FE700FBAEF5 /* UserRepository.swift */,
				DA25C0072B83330800B6F03C /* BookCoversRepository.swift */,
				DA25C00C2B83333A00B6F03C /* Sequence+Extension.swift */,
			);
			path = Network;
			sourceTree = "<group>";
		};
/* End PBXGroup section */

/* Begin PBXNativeTarget section */
		D02170642B60624800B95F47 /* DigitalLibrary */ = {
			isa = PBXNativeTarget;
			buildConfigurationList = D02170732B60624A00B95F47 /* Build configuration list for PBXNativeTarget "DigitalLibrary" */;
			buildPhases = (
				D02170612B60624800B95F47 /* Sources */,
				D02170622B60624800B95F47 /* Frameworks */,
				D02170632B60624800B95F47 /* Resources */,
			);
			buildRules = (
			);
			dependencies = (
			);
			name = DigitalLibrary;
			packageProductDependencies = (
				DAF765AA2B66E80900BA04EF /* FirebaseAuth */,
				DAF765AC2B66E80900BA04EF /* FirebaseDatabase */,
				DA25C0102B83352C00B6F03C /* FirebaseStorage */,
			);
			productName = DigitalLibrary;
			productReference = D02170652B60624800B95F47 /* DigitalLibrary.app */;
			productType = "com.apple.product-type.application";
		};
/* End PBXNativeTarget section */

/* Begin PBXProject section */
		D021705D2B60624800B95F47 /* Project object */ = {
			isa = PBXProject;
			attributes = {
				BuildIndependentTargetsInParallel = 1;
				LastSwiftUpdateCheck = 1430;
				LastUpgradeCheck = 1520;
				TargetAttributes = {
					D02170642B60624800B95F47 = {
						CreatedOnToolsVersion = 14.3.1;
					};
				};
			};
			buildConfigurationList = D02170602B60624800B95F47 /* Build configuration list for PBXProject "DigitalLibrary" */;
			compatibilityVersion = "Xcode 14.0";
			developmentRegion = en;
			hasScannedForEncodings = 0;
			knownRegions = (
				en,
				Base,
			);
			mainGroup = D021705C2B60624800B95F47;
			packageReferences = (
				DAF765A92B66E80900BA04EF /* XCRemoteSwiftPackageReference "firebase-ios-sdk" */,
			);
			productRefGroup = D02170662B60624800B95F47 /* Products */;
			projectDirPath = "";
			projectRoot = "";
			targets = (
				D02170642B60624800B95F47 /* DigitalLibrary */,
			);
		};
/* End PBXProject section */

/* Begin PBXResourcesBuildPhase section */
		D02170632B60624800B95F47 /* Resources */ = {
			isa = PBXResourcesBuildPhase;
			buildActionMask = 2147483647;
			files = (
				D02170702B60624A00B95F47 /* Preview Assets.xcassets in Resources */,
				D021706D2B60624A00B95F47 /* Assets.xcassets in Resources */,
				DAF765A82B66E7B800BA04EF /* GoogleService-Info.plist in Resources */,
			);
			runOnlyForDeploymentPostprocessing = 0;
		};
/* End PBXResourcesBuildPhase section */

/* Begin PBXSourcesBuildPhase section */
		D02170612B60624800B95F47 /* Sources */ = {
			isa = PBXSourcesBuildPhase;
			buildActionMask = 2147483647;
			files = (
				DA25BFCD2B78D92200B6F03C /* BooksRepositoryMock.swift in Sources */,
				DA17C6DB2B72DAB700FBAEF5 /* PhoneNumberValidator.swift in Sources */,
				DA25BFCB2B78C81100B6F03C /* UserRepositoryMock.swift in Sources */,
				DA17C6CA2B7286AA00FBAEF5 /* SignUpViewModel.swift in Sources */,
				D01889932B82727E004DF83E /* StatisticsPointChart.swift in Sources */,
				9394C1ED2B65088D005D6D83 /* LibraryView.swift in Sources */,
				93EED1912B80CAE3003F77B7 /* SearchBar.swift in Sources */,
				DA25BFC92B78ADE900B6F03C /* AuthenticationRepositoryMock.swift in Sources */,
				D007C3EC2B835C6B00AF4489 /* StatisticsButtonsViewModel.swift in Sources */,
				93B81EA92B8487C6005AE5AD /* MyBooksViewModel.swift in Sources */,
				D0EED6582B62AEF500410E79 /* Book.swift in Sources */,
				DA17C6D32B72D08400FBAEF5 /* PasswordValidator.swift in Sources */,
				DA17C6D12B72D06500FBAEF5 /* NameValidator.swift in Sources */,
				DA17C6C72B7281B600FBAEF5 /* SwiftUIChangeRootViewApp.swift in Sources */,
				DA17C6CF2B72D04100FBAEF5 /* EmptyValidator.swift in Sources */,
				93EED1982B820E70003F77B7 /* MainTabbedViewModel.swift in Sources */,
				93EED1932B80D3BB003F77B7 /* LibraryViewModel.swift in Sources */,
				D007C3EA2B835C5800AF4489 /* StatisticsViewModel.swift in Sources */,
				A5F0E5692B82881D00D39D27 /* ProfileViewModel.swift in Sources */,
				DAE5DF442B6EE15800A09560 /* TextInputView.swift in Sources */,
				9394C1F42B6508F7005D6D83 /* ProfileView.swift in Sources */,
				D01889952B8272A8004DF83E /* StatisticsBarChart.swift in Sources */,
				A53037572B841E5700EBA2B4 /* ProfileInfoFieldViewModel.swift in Sources */,
				9394C1F62B650C2F005D6D83 /* TabbedItems.swift in Sources */,
				DAF765A42B66E74200BA04EF /* Encodable+Extension.swift in Sources */,
				DAE5DF492B6FAF4B00A09560 /* RootView.swift in Sources */,
				D005812B2B83FB2E00F41748 /* CameraView.swift in Sources */,
				9394C1F82B650CA0005D6D83 /* MainTabbedView.swift in Sources */,
				DA17C6D92B72D43D00FBAEF5 /* Validator.swift in Sources */,
				9394C1EF2B6508AE005D6D83 /* MyBooksView.swift in Sources */,
				DA17C6DD2B737FE700FBAEF5 /* UserRepository.swift in Sources */,
				DAE5DF462B6F923200A09560 /* LoginViewModel.swift in Sources */,
				D007C3F02B835C8800AF4489 /* StatisticsBarChartViewModel.swift in Sources */,
				D005812D2B83FB5A00F41748 /* DataScannerRepresentable.swift in Sources */,
				9394C1F22B6508E0005D6D83 /* StatisticsView.swift in Sources */,
				93EED1962B80D811003F77B7 /* BookDetailsViewModel.swift in Sources */,
				A5F0E56B2B828A9A00D39D27 /* ProfileInfoFieldView.swift in Sources */,
				DAF765A22B66E73100BA04EF /* AuthenticationRepository.swift in Sources */,
				DA17C6CD2B72D02700FBAEF5 /* EmailValidator.swift in Sources */,
				DA25BFD72B7ACF3D00B6F03C /* BooksMockData.swift in Sources */,
				D01889912B827261004DF83E /* StatisticsDateFormatter.swift in Sources */,
				93B81EAB2B848BDC005AE5AD /* EmptyLibraryView.swift in Sources */,
				DA17C6D72B72D27B00FBAEF5 /* ConfirmPasswordValidator.swift in Sources */,
				DAF765AF2B66F6E700BA04EF /* FirebaseConfiguration.swift in Sources */,
				DA0994772B7279D3008FE0B3 /* SignUpView.swift in Sources */,
				D007C3EE2B835C7A00AF4489 /* StatisticsPointChartViewModel.swift in Sources */,
				DA17C6C52B72817200FBAEF5 /* AppRootManager.swift in Sources */,
				D01889972B8272C1004DF83E /* StatisticsButtons.swift in Sources */,
				93E688262B7ED3AD007CB34A /* BookDetailsView.swift in Sources */,
				DA25C0082B83330800B6F03C /* BookCoversRepository.swift in Sources */,
				DA25C00D2B83333A00B6F03C /* Sequence+Extension.swift in Sources */,
				DAF765A62B66E76500BA04EF /* BookRepository.swift in Sources */,
				D0E970782B841A5900FDCBDE /* KeyboardConfiguration.swift in Sources */,
				DAE5DF422B6EE0E100A09560 /* LoginView.swift in Sources */,
				D0EED6562B62AEE900410E79 /* User.swift in Sources */,
				93E688242B7E6B3E007CB34A /* BookListCell.swift in Sources */,
				DA17C6D52B72D1F000FBAEF5 /* UserDataError.swift in Sources */,
			);
			runOnlyForDeploymentPostprocessing = 0;
		};
/* End PBXSourcesBuildPhase section */

/* Begin XCBuildConfiguration section */
		D02170712B60624A00B95F47 /* Debug */ = {
			isa = XCBuildConfiguration;
			buildSettings = {
				ALWAYS_SEARCH_USER_PATHS = NO;
				CLANG_ANALYZER_NONNULL = YES;
				CLANG_ANALYZER_NUMBER_OBJECT_CONVERSION = YES_AGGRESSIVE;
				CLANG_CXX_LANGUAGE_STANDARD = "gnu++20";
				CLANG_ENABLE_MODULES = YES;
				CLANG_ENABLE_OBJC_ARC = YES;
				CLANG_ENABLE_OBJC_WEAK = YES;
				CLANG_WARN_BLOCK_CAPTURE_AUTORELEASING = YES;
				CLANG_WARN_BOOL_CONVERSION = YES;
				CLANG_WARN_COMMA = YES;
				CLANG_WARN_CONSTANT_CONVERSION = YES;
				CLANG_WARN_DEPRECATED_OBJC_IMPLEMENTATIONS = YES;
				CLANG_WARN_DIRECT_OBJC_ISA_USAGE = YES_ERROR;
				CLANG_WARN_DOCUMENTATION_COMMENTS = YES;
				CLANG_WARN_EMPTY_BODY = YES;
				CLANG_WARN_ENUM_CONVERSION = YES;
				CLANG_WARN_INFINITE_RECURSION = YES;
				CLANG_WARN_INT_CONVERSION = YES;
				CLANG_WARN_NON_LITERAL_NULL_CONVERSION = YES;
				CLANG_WARN_OBJC_IMPLICIT_RETAIN_SELF = YES;
				CLANG_WARN_OBJC_LITERAL_CONVERSION = YES;
				CLANG_WARN_OBJC_ROOT_CLASS = YES_ERROR;
				CLANG_WARN_QUOTED_INCLUDE_IN_FRAMEWORK_HEADER = YES;
				CLANG_WARN_RANGE_LOOP_ANALYSIS = YES;
				CLANG_WARN_STRICT_PROTOTYPES = YES;
				CLANG_WARN_SUSPICIOUS_MOVE = YES;
				CLANG_WARN_UNGUARDED_AVAILABILITY = YES_AGGRESSIVE;
				CLANG_WARN_UNREACHABLE_CODE = YES;
				CLANG_WARN__DUPLICATE_METHOD_MATCH = YES;
				COPY_PHASE_STRIP = NO;
				DEBUG_INFORMATION_FORMAT = dwarf;
				ENABLE_STRICT_OBJC_MSGSEND = YES;
				ENABLE_TESTABILITY = YES;
				ENABLE_USER_SCRIPT_SANDBOXING = YES;
				GCC_C_LANGUAGE_STANDARD = gnu11;
				GCC_DYNAMIC_NO_PIC = NO;
				GCC_NO_COMMON_BLOCKS = YES;
				GCC_OPTIMIZATION_LEVEL = 0;
				GCC_PREPROCESSOR_DEFINITIONS = (
					"DEBUG=1",
					"$(inherited)",
				);
				GCC_WARN_64_TO_32_BIT_CONVERSION = YES;
				GCC_WARN_ABOUT_RETURN_TYPE = YES_ERROR;
				GCC_WARN_UNDECLARED_SELECTOR = YES;
				GCC_WARN_UNINITIALIZED_AUTOS = YES_AGGRESSIVE;
				GCC_WARN_UNUSED_FUNCTION = YES;
				GCC_WARN_UNUSED_VARIABLE = YES;
				IPHONEOS_DEPLOYMENT_TARGET = 16.4;
				MTL_ENABLE_DEBUG_INFO = INCLUDE_SOURCE;
				MTL_FAST_MATH = YES;
				ONLY_ACTIVE_ARCH = YES;
				SDKROOT = iphoneos;
				SWIFT_ACTIVE_COMPILATION_CONDITIONS = DEBUG;
				SWIFT_OPTIMIZATION_LEVEL = "-Onone";
			};
			name = Debug;
		};
		D02170722B60624A00B95F47 /* Release */ = {
			isa = XCBuildConfiguration;
			buildSettings = {
				ALWAYS_SEARCH_USER_PATHS = NO;
				CLANG_ANALYZER_NONNULL = YES;
				CLANG_ANALYZER_NUMBER_OBJECT_CONVERSION = YES_AGGRESSIVE;
				CLANG_CXX_LANGUAGE_STANDARD = "gnu++20";
				CLANG_ENABLE_MODULES = YES;
				CLANG_ENABLE_OBJC_ARC = YES;
				CLANG_ENABLE_OBJC_WEAK = YES;
				CLANG_WARN_BLOCK_CAPTURE_AUTORELEASING = YES;
				CLANG_WARN_BOOL_CONVERSION = YES;
				CLANG_WARN_COMMA = YES;
				CLANG_WARN_CONSTANT_CONVERSION = YES;
				CLANG_WARN_DEPRECATED_OBJC_IMPLEMENTATIONS = YES;
				CLANG_WARN_DIRECT_OBJC_ISA_USAGE = YES_ERROR;
				CLANG_WARN_DOCUMENTATION_COMMENTS = YES;
				CLANG_WARN_EMPTY_BODY = YES;
				CLANG_WARN_ENUM_CONVERSION = YES;
				CLANG_WARN_INFINITE_RECURSION = YES;
				CLANG_WARN_INT_CONVERSION = YES;
				CLANG_WARN_NON_LITERAL_NULL_CONVERSION = YES;
				CLANG_WARN_OBJC_IMPLICIT_RETAIN_SELF = YES;
				CLANG_WARN_OBJC_LITERAL_CONVERSION = YES;
				CLANG_WARN_OBJC_ROOT_CLASS = YES_ERROR;
				CLANG_WARN_QUOTED_INCLUDE_IN_FRAMEWORK_HEADER = YES;
				CLANG_WARN_RANGE_LOOP_ANALYSIS = YES;
				CLANG_WARN_STRICT_PROTOTYPES = YES;
				CLANG_WARN_SUSPICIOUS_MOVE = YES;
				CLANG_WARN_UNGUARDED_AVAILABILITY = YES_AGGRESSIVE;
				CLANG_WARN_UNREACHABLE_CODE = YES;
				CLANG_WARN__DUPLICATE_METHOD_MATCH = YES;
				COPY_PHASE_STRIP = NO;
				DEBUG_INFORMATION_FORMAT = "dwarf-with-dsym";
				ENABLE_NS_ASSERTIONS = NO;
				ENABLE_STRICT_OBJC_MSGSEND = YES;
				ENABLE_USER_SCRIPT_SANDBOXING = YES;
				GCC_C_LANGUAGE_STANDARD = gnu11;
				GCC_NO_COMMON_BLOCKS = YES;
				GCC_WARN_64_TO_32_BIT_CONVERSION = YES;
				GCC_WARN_ABOUT_RETURN_TYPE = YES_ERROR;
				GCC_WARN_UNDECLARED_SELECTOR = YES;
				GCC_WARN_UNINITIALIZED_AUTOS = YES_AGGRESSIVE;
				GCC_WARN_UNUSED_FUNCTION = YES;
				GCC_WARN_UNUSED_VARIABLE = YES;
				IPHONEOS_DEPLOYMENT_TARGET = 16.4;
				MTL_ENABLE_DEBUG_INFO = NO;
				MTL_FAST_MATH = YES;
				SDKROOT = iphoneos;
				SWIFT_COMPILATION_MODE = wholemodule;
				SWIFT_OPTIMIZATION_LEVEL = "-O";
				VALIDATE_PRODUCT = YES;
			};
			name = Release;
		};
		D02170742B60624A00B95F47 /* Debug */ = {
			isa = XCBuildConfiguration;
			buildSettings = {
				ASSETCATALOG_COMPILER_APPICON_NAME = AppIcon;
				ASSETCATALOG_COMPILER_GLOBAL_ACCENT_COLOR_NAME = AccentColor;
				CODE_SIGN_STYLE = Automatic;
				CURRENT_PROJECT_VERSION = 1;
				DEVELOPMENT_ASSET_PATHS = "\"DigitalLibrary/Preview Content\"";
				DEVELOPMENT_TEAM = U34TKNJ9GK;
				ENABLE_PREVIEWS = YES;
				GENERATE_INFOPLIST_FILE = YES;
				INFOPLIST_KEY_NSCameraUsageDescription = "Barcode Scanning";
				INFOPLIST_KEY_UIApplicationSceneManifest_Generation = YES;
				INFOPLIST_KEY_UIApplicationSupportsIndirectInputEvents = YES;
				INFOPLIST_KEY_UILaunchScreen_Generation = YES;
				INFOPLIST_KEY_UISupportedInterfaceOrientations_iPad = "UIInterfaceOrientationPortrait UIInterfaceOrientationPortraitUpsideDown UIInterfaceOrientationLandscapeLeft UIInterfaceOrientationLandscapeRight";
				INFOPLIST_KEY_UISupportedInterfaceOrientations_iPhone = "UIInterfaceOrientationPortrait UIInterfaceOrientationLandscapeLeft UIInterfaceOrientationLandscapeRight";
				IPHONEOS_DEPLOYMENT_TARGET = 16.0;
				LD_RUNPATH_SEARCH_PATHS = (
					"$(inherited)",
					"@executable_path/Frameworks",
				);
				MARKETING_VERSION = 1.0;
				PRODUCT_BUNDLE_IDENTIFIER = com.FMI.DigitalLibrary.desi;
				PRODUCT_NAME = "$(TARGET_NAME)";
				SWIFT_EMIT_LOC_STRINGS = YES;
				SWIFT_VERSION = 5.0;
				TARGETED_DEVICE_FAMILY = "1,2";
			};
			name = Debug;
		};
		D02170752B60624A00B95F47 /* Release */ = {
			isa = XCBuildConfiguration;
			buildSettings = {
				ASSETCATALOG_COMPILER_APPICON_NAME = AppIcon;
				ASSETCATALOG_COMPILER_GLOBAL_ACCENT_COLOR_NAME = AccentColor;
				CODE_SIGN_STYLE = Automatic;
				CURRENT_PROJECT_VERSION = 1;
				DEVELOPMENT_ASSET_PATHS = "\"DigitalLibrary/Preview Content\"";
				DEVELOPMENT_TEAM = U34TKNJ9GK;
				ENABLE_PREVIEWS = YES;
				GENERATE_INFOPLIST_FILE = YES;
				INFOPLIST_KEY_NSCameraUsageDescription = "Barcode Scanning";
				INFOPLIST_KEY_UIApplicationSceneManifest_Generation = YES;
				INFOPLIST_KEY_UIApplicationSupportsIndirectInputEvents = YES;
				INFOPLIST_KEY_UILaunchScreen_Generation = YES;
				INFOPLIST_KEY_UISupportedInterfaceOrientations_iPad = "UIInterfaceOrientationPortrait UIInterfaceOrientationPortraitUpsideDown UIInterfaceOrientationLandscapeLeft UIInterfaceOrientationLandscapeRight";
				INFOPLIST_KEY_UISupportedInterfaceOrientations_iPhone = "UIInterfaceOrientationPortrait UIInterfaceOrientationLandscapeLeft UIInterfaceOrientationLandscapeRight";
				IPHONEOS_DEPLOYMENT_TARGET = 16.0;
				LD_RUNPATH_SEARCH_PATHS = (
					"$(inherited)",
					"@executable_path/Frameworks",
				);
				MARKETING_VERSION = 1.0;
				PRODUCT_BUNDLE_IDENTIFIER = com.FMI.DigitalLibrary.desi;
				PRODUCT_NAME = "$(TARGET_NAME)";
				SWIFT_EMIT_LOC_STRINGS = YES;
				SWIFT_VERSION = 5.0;
				TARGETED_DEVICE_FAMILY = "1,2";
			};
			name = Release;
		};
/* End XCBuildConfiguration section */

/* Begin XCConfigurationList section */
		D02170602B60624800B95F47 /* Build configuration list for PBXProject "DigitalLibrary" */ = {
			isa = XCConfigurationList;
			buildConfigurations = (
				D02170712B60624A00B95F47 /* Debug */,
				D02170722B60624A00B95F47 /* Release */,
			);
			defaultConfigurationIsVisible = 0;
			defaultConfigurationName = Release;
		};
		D02170732B60624A00B95F47 /* Build configuration list for PBXNativeTarget "DigitalLibrary" */ = {
			isa = XCConfigurationList;
			buildConfigurations = (
				D02170742B60624A00B95F47 /* Debug */,
				D02170752B60624A00B95F47 /* Release */,
			);
			defaultConfigurationIsVisible = 0;
			defaultConfigurationName = Release;
		};
/* End XCConfigurationList section */

/* Begin XCRemoteSwiftPackageReference section */
		DAF765A92B66E80900BA04EF /* XCRemoteSwiftPackageReference "firebase-ios-sdk" */ = {
			isa = XCRemoteSwiftPackageReference;
			repositoryURL = "https://github.com/firebase/firebase-ios-sdk";
			requirement = {
				kind = upToNextMajorVersion;
				minimumVersion = 10.0.0;
			};
		};
/* End XCRemoteSwiftPackageReference section */

/* Begin XCSwiftPackageProductDependency section */
		DA25C0102B83352C00B6F03C /* FirebaseStorage */ = {
			isa = XCSwiftPackageProductDependency;
			package = DAF765A92B66E80900BA04EF /* XCRemoteSwiftPackageReference "firebase-ios-sdk" */;
			productName = FirebaseStorage;
		};
		DAF765AA2B66E80900BA04EF /* FirebaseAuth */ = {
			isa = XCSwiftPackageProductDependency;
			package = DAF765A92B66E80900BA04EF /* XCRemoteSwiftPackageReference "firebase-ios-sdk" */;
			productName = FirebaseAuth;
		};
		DAF765AC2B66E80900BA04EF /* FirebaseDatabase */ = {
			isa = XCSwiftPackageProductDependency;
			package = DAF765A92B66E80900BA04EF /* XCRemoteSwiftPackageReference "firebase-ios-sdk" */;
			productName = FirebaseDatabase;
		};
/* End XCSwiftPackageProductDependency section */
	};
	rootObject = D021705D2B60624800B95F47 /* Project object */;
}
