// !$*UTF8*$!
{
	archiveVersion = 1;
	classes = {
	};
	objectVersion = 56;
	objects = {

/* Begin PBXBuildFile section */
		D02170692B60624800B95F47 /* DigitalLibraryApp.swift in Sources */ = {isa = PBXBuildFile; fileRef = D02170682B60624800B95F47 /* DigitalLibraryApp.swift */; };
		D021706B2B60624800B95F47 /* ContentView.swift in Sources */ = {isa = PBXBuildFile; fileRef = D021706A2B60624800B95F47 /* ContentView.swift */; };
		D021706D2B60624A00B95F47 /* Assets.xcassets in Resources */ = {isa = PBXBuildFile; fileRef = D021706C2B60624A00B95F47 /* Assets.xcassets */; };
		D02170702B60624A00B95F47 /* Preview Assets.xcassets in Resources */ = {isa = PBXBuildFile; fileRef = D021706F2B60624A00B95F47 /* Preview Assets.xcassets */; };
		D0EED6562B62AEE900410E79 /* User.swift in Sources */ = {isa = PBXBuildFile; fileRef = D0EED6552B62AEE900410E79 /* User.swift */; };
		D0EED6582B62AEF500410E79 /* Book.swift in Sources */ = {isa = PBXBuildFile; fileRef = D0EED6572B62AEF500410E79 /* Book.swift */; };
		D0EED65A2B62B14400410E79 /* UserMockData.swift in Sources */ = {isa = PBXBuildFile; fileRef = D0EED6592B62B14400410E79 /* UserMockData.swift */; };
		D0EED65C2B62B15D00410E79 /* BooksMockData.swift in Sources */ = {isa = PBXBuildFile; fileRef = D0EED65B2B62B15D00410E79 /* BooksMockData.swift */; };
/* End PBXBuildFile section */

/* Begin PBXFileReference section */
		D02170652B60624800B95F47 /* DigitalLibrary.app */ = {isa = PBXFileReference; explicitFileType = wrapper.application; includeInIndex = 0; path = DigitalLibrary.app; sourceTree = BUILT_PRODUCTS_DIR; };
		D02170682B60624800B95F47 /* DigitalLibraryApp.swift */ = {isa = PBXFileReference; lastKnownFileType = sourcecode.swift; path = DigitalLibraryApp.swift; sourceTree = "<group>"; };
		D021706A2B60624800B95F47 /* ContentView.swift */ = {isa = PBXFileReference; lastKnownFileType = sourcecode.swift; path = ContentView.swift; sourceTree = "<group>"; };
		D021706C2B60624A00B95F47 /* Assets.xcassets */ = {isa = PBXFileReference; lastKnownFileType = folder.assetcatalog; path = Assets.xcassets; sourceTree = "<group>"; };
		D021706F2B60624A00B95F47 /* Preview Assets.xcassets */ = {isa = PBXFileReference; lastKnownFileType = folder.assetcatalog; path = "Preview Assets.xcassets"; sourceTree = "<group>"; };
		D0EED6552B62AEE900410E79 /* User.swift */ = {isa = PBXFileReference; lastKnownFileType = sourcecode.swift; path = User.swift; sourceTree = "<group>"; };
		D0EED6572B62AEF500410E79 /* Book.swift */ = {isa = PBXFileReference; lastKnownFileType = sourcecode.swift; path = Book.swift; sourceTree = "<group>"; };
		D0EED6592B62B14400410E79 /* UserMockData.swift */ = {isa = PBXFileReference; lastKnownFileType = sourcecode.swift; path = UserMockData.swift; sourceTree = "<group>"; };
		D0EED65B2B62B15D00410E79 /* BooksMockData.swift */ = {isa = PBXFileReference; lastKnownFileType = sourcecode.swift; path = BooksMockData.swift; sourceTree = "<group>"; };
/* End PBXFileReference section */

/* Begin PBXFrameworksBuildPhase section */
		D02170622B60624800B95F47 /* Frameworks */ = {
			isa = PBXFrameworksBuildPhase;
			buildActionMask = 2147483647;
			files = (
			);
			runOnlyForDeploymentPostprocessing = 0;
		};
/* End PBXFrameworksBuildPhase section */

/* Begin PBXGroup section */
		D021705C2B60624800B95F47 = {
			isa = PBXGroup;
			children = (
				D02170672B60624800B95F47 /* DigitalLibrary */,
				D02170662B60624800B95F47 /* Products */,
			);
			sourceTree = "<group>";
		};
		D02170662B60624800B95F47 /* Products */ = {
			isa = PBXGroup;
			children = (
				D02170652B60624800B95F47 /* DigitalLibrary.app */,
			);
			name = Products;
			sourceTree = "<group>";
		};
		D02170672B60624800B95F47 /* DigitalLibrary */ = {
			isa = PBXGroup;
			children = (
				D0EED6512B62AE6D00410E79 /* MockData */,
				D0EED6502B62AE3E00410E79 /* Models */,
				D02170682B60624800B95F47 /* DigitalLibraryApp.swift */,
				D021706A2B60624800B95F47 /* ContentView.swift */,
				D021706C2B60624A00B95F47 /* Assets.xcassets */,
				D021706E2B60624A00B95F47 /* Preview Content */,
			);
			path = DigitalLibrary;
			sourceTree = "<group>";
		};
		D021706E2B60624A00B95F47 /* Preview Content */ = {
			isa = PBXGroup;
			children = (
				D021706F2B60624A00B95F47 /* Preview Assets.xcassets */,
			);
			path = "Preview Content";
			sourceTree = "<group>";
		};
		D0EED6502B62AE3E00410E79 /* Models */ = {
			isa = PBXGroup;
			children = (
				D0EED6552B62AEE900410E79 /* User.swift */,
				D0EED6572B62AEF500410E79 /* Book.swift */,
			);
			path = Models;
			sourceTree = "<group>";
		};
		D0EED6512B62AE6D00410E79 /* MockData */ = {
			isa = PBXGroup;
			children = (
				D0EED6592B62B14400410E79 /* UserMockData.swift */,
				D0EED65B2B62B15D00410E79 /* BooksMockData.swift */,
			);
			path = MockData;
			sourceTree = "<group>";
		};
/* End PBXGroup section */

/* Begin PBXNativeTarget section */
		D02170642B60624800B95F47 /* DigitalLibrary */ = {
			isa = PBXNativeTarget;
			buildConfigurationList = D02170732B60624A00B95F47 /* Build configuration list for PBXNativeTarget "DigitalLibrary" */;
			buildPhases = (
				D02170612B60624800B95F47 /* Sources */,
				D02170622B60624800B95F47 /* Frameworks */,
				D02170632B60624800B95F47 /* Resources */,
			);
			buildRules = (
			);
			dependencies = (
			);
			name = DigitalLibrary;
			productName = DigitalLibrary;
			productReference = D02170652B60624800B95F47 /* DigitalLibrary.app */;
			productType = "com.apple.product-type.application";
		};
/* End PBXNativeTarget section */

/* Begin PBXProject section */
		D021705D2B60624800B95F47 /* Project object */ = {
			isa = PBXProject;
			attributes = {
				BuildIndependentTargetsInParallel = 1;
				LastSwiftUpdateCheck = 1430;
				LastUpgradeCheck = 1430;
				TargetAttributes = {
					D02170642B60624800B95F47 = {
						CreatedOnToolsVersion = 14.3.1;
					};
				};
			};
			buildConfigurationList = D02170602B60624800B95F47 /* Build configuration list for PBXProject "DigitalLibrary" */;
			compatibilityVersion = "Xcode 14.0";
			developmentRegion = en;
			hasScannedForEncodings = 0;
			knownRegions = (
				en,
				Base,
			);
			mainGroup = D021705C2B60624800B95F47;
			productRefGroup = D02170662B60624800B95F47 /* Products */;
			projectDirPath = "";
			projectRoot = "";
			targets = (
				D02170642B60624800B95F47 /* DigitalLibrary */,
			);
		};
/* End PBXProject section */

/* Begin PBXResourcesBuildPhase section */
		D02170632B60624800B95F47 /* Resources */ = {
			isa = PBXResourcesBuildPhase;
			buildActionMask = 2147483647;
			files = (
				D02170702B60624A00B95F47 /* Preview Assets.xcassets in Resources */,
				D021706D2B60624A00B95F47 /* Assets.xcassets in Resources */,
			);
			runOnlyForDeploymentPostprocessing = 0;
		};
/* End PBXResourcesBuildPhase section */

/* Begin PBXSourcesBuildPhase section */
		D02170612B60624800B95F47 /* Sources */ = {
			isa = PBXSourcesBuildPhase;
			buildActionMask = 2147483647;
			files = (
				D0EED6582B62AEF500410E79 /* Book.swift in Sources */,
				D021706B2B60624800B95F47 /* ContentView.swift in Sources */,
				D02170692B60624800B95F47 /* DigitalLibraryApp.swift in Sources */,
				D0EED65A2B62B14400410E79 /* UserMockData.swift in Sources */,
				D0EED65C2B62B15D00410E79 /* BooksMockData.swift in Sources */,
				D0EED6562B62AEE900410E79 /* User.swift in Sources */,
			);
			runOnlyForDeploymentPostprocessing = 0;
		};
/* End PBXSourcesBuildPhase section */

/* Begin XCBuildConfiguration section */
		D02170712B60624A00B95F47 /* Debug */ = {
			isa = XCBuildConfiguration;
			buildSettings = {
				ALWAYS_SEARCH_USER_PATHS = NO;
				CLANG_ANALYZER_NONNULL = YES;
				CLANG_ANALYZER_NUMBER_OBJECT_CONVERSION = YES_AGGRESSIVE;
				CLANG_CXX_LANGUAGE_STANDARD = "gnu++20";
				CLANG_ENABLE_MODULES = YES;
				CLANG_ENABLE_OBJC_ARC = YES;
				CLANG_ENABLE_OBJC_WEAK = YES;
				CLANG_WARN_BLOCK_CAPTURE_AUTORELEASING = YES;
				CLANG_WARN_BOOL_CONVERSION = YES;
				CLANG_WARN_COMMA = YES;
				CLANG_WARN_CONSTANT_CONVERSION = YES;
				CLANG_WARN_DEPRECATED_OBJC_IMPLEMENTATIONS = YES;
				CLANG_WARN_DIRECT_OBJC_ISA_USAGE = YES_ERROR;
				CLANG_WARN_DOCUMENTATION_COMMENTS = YES;
				CLANG_WARN_EMPTY_BODY = YES;
				CLANG_WARN_ENUM_CONVERSION = YES;
				CLANG_WARN_INFINITE_RECURSION = YES;
				CLANG_WARN_INT_CONVERSION = YES;
				CLANG_WARN_NON_LITERAL_NULL_CONVERSION = YES;
				CLANG_WARN_OBJC_IMPLICIT_RETAIN_SELF = YES;
				CLANG_WARN_OBJC_LITERAL_CONVERSION = YES;
				CLANG_WARN_OBJC_ROOT_CLASS = YES_ERROR;
				CLANG_WARN_QUOTED_INCLUDE_IN_FRAMEWORK_HEADER = YES;
				CLANG_WARN_RANGE_LOOP_ANALYSIS = YES;
				CLANG_WARN_STRICT_PROTOTYPES = YES;
				CLANG_WARN_SUSPICIOUS_MOVE = YES;
				CLANG_WARN_UNGUARDED_AVAILABILITY = YES_AGGRESSIVE;
				CLANG_WARN_UNREACHABLE_CODE = YES;
				CLANG_WARN__DUPLICATE_METHOD_MATCH = YES;
				COPY_PHASE_STRIP = NO;
				DEBUG_INFORMATION_FORMAT = dwarf;
				ENABLE_STRICT_OBJC_MSGSEND = YES;
				ENABLE_TESTABILITY = YES;
				GCC_C_LANGUAGE_STANDARD = gnu11;
				GCC_DYNAMIC_NO_PIC = NO;
				GCC_NO_COMMON_BLOCKS = YES;
				GCC_OPTIMIZATION_LEVEL = 0;
				GCC_PREPROCESSOR_DEFINITIONS = (
					"DEBUG=1",
					"$(inherited)",
				);
				GCC_WARN_64_TO_32_BIT_CONVERSION = YES;
				GCC_WARN_ABOUT_RETURN_TYPE = YES_ERROR;
				GCC_WARN_UNDECLARED_SELECTOR = YES;
				GCC_WARN_UNINITIALIZED_AUTOS = YES_AGGRESSIVE;
				GCC_WARN_UNUSED_FUNCTION = YES;
				GCC_WARN_UNUSED_VARIABLE = YES;
				IPHONEOS_DEPLOYMENT_TARGET = 16.4;
				MTL_ENABLE_DEBUG_INFO = INCLUDE_SOURCE;
				MTL_FAST_MATH = YES;
				ONLY_ACTIVE_ARCH = YES;
				SDKROOT = iphoneos;
				SWIFT_ACTIVE_COMPILATION_CONDITIONS = DEBUG;
				SWIFT_OPTIMIZATION_LEVEL = "-Onone";
			};
			name = Debug;
		};
		D02170722B60624A00B95F47 /* Release */ = {
			isa = XCBuildConfiguration;
			buildSettings = {
				ALWAYS_SEARCH_USER_PATHS = NO;
				CLANG_ANALYZER_NONNULL = YES;
				CLANG_ANALYZER_NUMBER_OBJECT_CONVERSION = YES_AGGRESSIVE;
				CLANG_CXX_LANGUAGE_STANDARD = "gnu++20";
				CLANG_ENABLE_MODULES = YES;
				CLANG_ENABLE_OBJC_ARC = YES;
				CLANG_ENABLE_OBJC_WEAK = YES;
				CLANG_WARN_BLOCK_CAPTURE_AUTORELEASING = YES;
				CLANG_WARN_BOOL_CONVERSION = YES;
				CLANG_WARN_COMMA = YES;
				CLANG_WARN_CONSTANT_CONVERSION = YES;
				CLANG_WARN_DEPRECATED_OBJC_IMPLEMENTATIONS = YES;
				CLANG_WARN_DIRECT_OBJC_ISA_USAGE = YES_ERROR;
				CLANG_WARN_DOCUMENTATION_COMMENTS = YES;
				CLANG_WARN_EMPTY_BODY = YES;
				CLANG_WARN_ENUM_CONVERSION = YES;
				CLANG_WARN_INFINITE_RECURSION = YES;
				CLANG_WARN_INT_CONVERSION = YES;
				CLANG_WARN_NON_LITERAL_NULL_CONVERSION = YES;
				CLANG_WARN_OBJC_IMPLICIT_RETAIN_SELF = YES;
				CLANG_WARN_OBJC_LITERAL_CONVERSION = YES;
				CLANG_WARN_OBJC_ROOT_CLASS = YES_ERROR;
				CLANG_WARN_QUOTED_INCLUDE_IN_FRAMEWORK_HEADER = YES;
				CLANG_WARN_RANGE_LOOP_ANALYSIS = YES;
				CLANG_WARN_STRICT_PROTOTYPES = YES;
				CLANG_WARN_SUSPICIOUS_MOVE = YES;
				CLANG_WARN_UNGUARDED_AVAILABILITY = YES_AGGRESSIVE;
				CLANG_WARN_UNREACHABLE_CODE = YES;
				CLANG_WARN__DUPLICATE_METHOD_MATCH = YES;
				COPY_PHASE_STRIP = NO;
				DEBUG_INFORMATION_FORMAT = "dwarf-with-dsym";
				ENABLE_NS_ASSERTIONS = NO;
				ENABLE_STRICT_OBJC_MSGSEND = YES;
				GCC_C_LANGUAGE_STANDARD = gnu11;
				GCC_NO_COMMON_BLOCKS = YES;
				GCC_WARN_64_TO_32_BIT_CONVERSION = YES;
				GCC_WARN_ABOUT_RETURN_TYPE = YES_ERROR;
				GCC_WARN_UNDECLARED_SELECTOR = YES;
				GCC_WARN_UNINITIALIZED_AUTOS = YES_AGGRESSIVE;
				GCC_WARN_UNUSED_FUNCTION = YES;
				GCC_WARN_UNUSED_VARIABLE = YES;
				IPHONEOS_DEPLOYMENT_TARGET = 16.4;
				MTL_ENABLE_DEBUG_INFO = NO;
				MTL_FAST_MATH = YES;
				SDKROOT = iphoneos;
				SWIFT_COMPILATION_MODE = wholemodule;
				SWIFT_OPTIMIZATION_LEVEL = "-O";
				VALIDATE_PRODUCT = YES;
			};
			name = Release;
		};
		D02170742B60624A00B95F47 /* Debug */ = {
			isa = XCBuildConfiguration;
			buildSettings = {
				ASSETCATALOG_COMPILER_APPICON_NAME = AppIcon;
				ASSETCATALOG_COMPILER_GLOBAL_ACCENT_COLOR_NAME = AccentColor;
				CODE_SIGN_STYLE = Automatic;
				CURRENT_PROJECT_VERSION = 1;
				DEVELOPMENT_ASSET_PATHS = "\"DigitalLibrary/Preview Content\"";
				ENABLE_PREVIEWS = YES;
				GENERATE_INFOPLIST_FILE = YES;
				INFOPLIST_KEY_UIApplicationSceneManifest_Generation = YES;
				INFOPLIST_KEY_UIApplicationSupportsIndirectInputEvents = YES;
				INFOPLIST_KEY_UILaunchScreen_Generation = YES;
				INFOPLIST_KEY_UISupportedInterfaceOrientations_iPad = "UIInterfaceOrientationPortrait UIInterfaceOrientationPortraitUpsideDown UIInterfaceOrientationLandscapeLeft UIInterfaceOrientationLandscapeRight";
				INFOPLIST_KEY_UISupportedInterfaceOrientations_iPhone = "UIInterfaceOrientationPortrait UIInterfaceOrientationLandscapeLeft UIInterfaceOrientationLandscapeRight";
				LD_RUNPATH_SEARCH_PATHS = (
					"$(inherited)",
					"@executable_path/Frameworks",
				);
				MARKETING_VERSION = 1.0;
				PRODUCT_BUNDLE_IDENTIFIER = com.desislava.DigitalLibrary;
				PRODUCT_NAME = "$(TARGET_NAME)";
				SWIFT_EMIT_LOC_STRINGS = YES;
				SWIFT_VERSION = 5.0;
				TARGETED_DEVICE_FAMILY = "1,2";
			};
			name = Debug;
		};
		D02170752B60624A00B95F47 /* Release */ = {
			isa = XCBuildConfiguration;
			buildSettings = {
				ASSETCATALOG_COMPILER_APPICON_NAME = AppIcon;
				ASSETCATALOG_COMPILER_GLOBAL_ACCENT_COLOR_NAME = AccentColor;
				CODE_SIGN_STYLE = Automatic;
				CURRENT_PROJECT_VERSION = 1;
				DEVELOPMENT_ASSET_PATHS = "\"DigitalLibrary/Preview Content\"";
				ENABLE_PREVIEWS = YES;
				GENERATE_INFOPLIST_FILE = YES;
				INFOPLIST_KEY_UIApplicationSceneManifest_Generation = YES;
				INFOPLIST_KEY_UIApplicationSupportsIndirectInputEvents = YES;
				INFOPLIST_KEY_UILaunchScreen_Generation = YES;
				INFOPLIST_KEY_UISupportedInterfaceOrientations_iPad = "UIInterfaceOrientationPortrait UIInterfaceOrientationPortraitUpsideDown UIInterfaceOrientationLandscapeLeft UIInterfaceOrientationLandscapeRight";
				INFOPLIST_KEY_UISupportedInterfaceOrientations_iPhone = "UIInterfaceOrientationPortrait UIInterfaceOrientationLandscapeLeft UIInterfaceOrientationLandscapeRight";
				LD_RUNPATH_SEARCH_PATHS = (
					"$(inherited)",
					"@executable_path/Frameworks",
				);
				MARKETING_VERSION = 1.0;
				PRODUCT_BUNDLE_IDENTIFIER = com.desislava.DigitalLibrary;
				PRODUCT_NAME = "$(TARGET_NAME)";
				SWIFT_EMIT_LOC_STRINGS = YES;
				SWIFT_VERSION = 5.0;
				TARGETED_DEVICE_FAMILY = "1,2";
			};
			name = Release;
		};
/* End XCBuildConfiguration section */

/* Begin XCConfigurationList section */
		D02170602B60624800B95F47 /* Build configuration list for PBXProject "DigitalLibrary" */ = {
			isa = XCConfigurationList;
			buildConfigurations = (
				D02170712B60624A00B95F47 /* Debug */,
				D02170722B60624A00B95F47 /* Release */,
			);
			defaultConfigurationIsVisible = 0;
			defaultConfigurationName = Release;
		};
		D02170732B60624A00B95F47 /* Build configuration list for PBXNativeTarget "DigitalLibrary" */ = {
			isa = XCConfigurationList;
			buildConfigurations = (
				D02170742B60624A00B95F47 /* Debug */,
				D02170752B60624A00B95F47 /* Release */,
			);
			defaultConfigurationIsVisible = 0;
			defaultConfigurationName = Release;
		};
/* End XCConfigurationList section */
	};
	rootObject = D021705D2B60624800B95F47 /* Project object */;
}
